# This file is automatically @generated by Poetry 2.1.3 and should not be changed by hand.

[[package]]
name = "plyer"
version = "2.1.0"
description = "Platform-independent wrapper for platform-dependent APIs"
optional = false
python-versions = "*"
groups = ["main"]
files = [
    {file = "plyer-2.1.0-py2.py3-none-any.whl", hash = "sha256:1b1772060df8b3045ed4f08231690ec8f7de30f5a004aa1724665a9074eed113"},
    {file = "plyer-2.1.0.tar.gz", hash = "sha256:65b7dfb7e11e07af37a8487eb2aa69524276ef70dad500b07228ce64736baa61"},
]

[package.extras]
android = ["pyjnius"]
dev = ["flake8", "mock"]
ios = ["pyobjus"]
macosx = ["pyobjus"]

[[package]]
name = "pyobjus"
version = "1.2.3"
description = ""
optional = false
python-versions = "*"
groups = ["main"]
files = [
    {file = "pyobjus-1.2.3-cp310-cp310-macosx_10_9_universal2.whl", hash = "sha256:c67aaaa548a0f39a4463f4d09b7f70d77cf3d8795ac269e758d331da020cbd07"},
    {file = "pyobjus-1.2.3-cp311-cp311-macosx_10_9_universal2.whl", hash = "sha256:53a79b1d07c6382c5f485400fac2c19cf3cd285aeabc06a26f55815d517d9409"},
    {file = "pyobjus-1.2.3-cp312-cp312-macosx_10_9_universal2.whl", hash = "sha256:945f71953d15dfefb16987ee96ef3b8e4c89bee512cd722807f0b3cbab0cc4cf"},
    {file = "pyobjus-1.2.3-cp37-cp37m-macosx_10_9_x86_64.whl", hash = "sha256:8d0c37e689d6b1f64dc916947215abb3c1c9bcc9dbf16dbe425d601d32f36438"},
    {file = "pyobjus-1.2.3-cp38-cp38-macosx_10_9_universal2.whl", hash = "sha256:995e3c342d11b68a7f77bdbcae2c9515e7494ddc005e15831ec8eae3606357b0"},
    {file = "pyobjus-1.2.3-cp39-cp39-macosx_10_9_universal2.whl", hash = "sha256:9ba78fb05f567ac3415f61093c3cc1ff45e0693c5edc40efa3c5f413e6f99776"},
    {file = "pyobjus-1.2.3.tar.gz", hash = "sha256:de0b129d986b33fbdd0967aef83b1268868d91227bbc001f4a7c5d1bb8221074"},
]

[metadata]
lock-version = "2.1"
python-versions = ">=3.13"
content-hash = "a75e4ed5ae069896ea520c26792bf876bc467752cbea633116e76cdd0776248d"
